Microsoft Visual Studio Solution File, Format Version 12.00
# Visual Studio Version 16
VisualStudioVersion = 16.0.29403.142
MinimumVisualStudioVersion = 10.0.40219.1
Project("{8BC9CEB8-8B4A-11D0-8D11-00A0C91BC942}") = "image", "image.vcxproj", "{66E3CE14-884D-4AEA-9F20-15A0BEAF8C5A}"
EndProject
Project("{8BC9CEB8-8B4A-11D0-8D11-00A0C91BC942}") = "harfbuzz", "harfbuzz.vcxproj", "{B2BCDAB8-B595-4C22-B01D-777588652204}"
EndProject
Project("{8BC9CEB8-8B4A-11D0-8D11-00A0C91BC942}") = "base64", "base64.vcxproj", "{84C22CA2-9D1E-4B6D-A657-57E8264BCC40}"
EndProject
Project("{8BC9CEB8-8B4A-11D0-8D11-00A0C91BC942}") = "chronos", "chronos.vcxproj", "{D75AD32B-6B82-49DF-96EB-26F0F896C6F2}"
EndProject
Project("{8BC9CEB8-8B4A-11D0-8D11-00A0C91BC942}") = "freetype", "freetype.vcxproj", "{F4553D82-2F8F-44BB-81F6-0A4A05A273B2}"
EndProject
Project("{8BC9CEB8-8B4A-11D0-8D11-00A0C91BC942}") = "strokers", "strokers.vcxproj", "{84AFB2F9-F743-4C7A-9292-D1DC9898A2F4}"
EndProject
Project("{8BC9CEB8-8B4A-11D0-8D11-00A0C91BC942}") = "svg", "svg.vcxproj", "{4BBCF330-6BA5-4EF2-82C6-CC1A08189BAC}"
EndProject
Project("{8BC9CEB8-8B4A-11D0-8D11-00A0C91BC942}") = "rvg_cpp", "rvg_cpp.vcxproj", "{80CC31BF-EE7B-4F10-B7C8-980651A6F158}"
EndProject
Project("{8BC9CEB8-8B4A-11D0-8D11-00A0C91BC942}") = "rvg_lua", "rvg_lua.vcxproj", "{E97DB5FB-FDA1-4882-97A8-E20488237EC0}"
EndProject
Project("{8BC9CEB8-8B4A-11D0-8D11-00A0C91BC942}") = "eps", "eps.vcxproj", "{A336CDD1-DD9D-49FE-BB0C-9068F398DA5C}"
EndProject
Project("{2150E333-8FDC-42A3-9474-1A3956D46DE8}") = "base", "base", "{0AD50E41-A219-4006-941B-CF9BA5EFF6FE}"
EndProject
Project("{2150E333-8FDC-42A3-9474-1A3956D46DE8}") = "driver", "driver", "{25C3C005-546A-4864-90C4-19057F80B388}"
EndProject
Project("{8BC9CEB8-8B4A-11D0-8D11-00A0C91BC942}") = "facade", "facade.vcxproj", "{036F2B83-4E23-4DC3-AF76-EA53CBEED6B9}"
EndProject
Project("{8BC9CEB8-8B4A-11D0-8D11-00A0C91BC942}") = "util", "util.vcxproj", "{FD754FF2-7079-4D36-8BA4-E609CD2D4C83}"
EndProject
Project("{8BC9CEB8-8B4A-11D0-8D11-00A0C91BC942}") = "filter", "filter.vcxproj", "{CF458C18-2EBC-454B-9230-BE9288838A5A}"
EndProject
Global
	GlobalSection(SolutionConfigurationPlatforms) = preSolution
		Debug|Win32 = Debug|Win32
		Debug|x64 = Debug|x64
		Release|Win32 = Release|Win32
		Release|x64 = Release|x64
	EndGlobalSection
	GlobalSection(ProjectConfigurationPlatforms) = postSolution
		{66E3CE14-884D-4AEA-9F20-15A0BEAF8C5A}.Debug|Win32.ActiveCfg = Debug|Win32
		{66E3CE14-884D-4AEA-9F20-15A0BEAF8C5A}.Debug|Win32.Build.0 = Debug|Win32
		{66E3CE14-884D-4AEA-9F20-15A0BEAF8C5A}.Debug|x64.ActiveCfg = Debug|x64
		{66E3CE14-884D-4AEA-9F20-15A0BEAF8C5A}.Debug|x64.Build.0 = Debug|x64
		{66E3CE14-884D-4AEA-9F20-15A0BEAF8C5A}.Release|Win32.ActiveCfg = Release|Win32
		{66E3CE14-884D-4AEA-9F20-15A0BEAF8C5A}.Release|Win32.Build.0 = Release|Win32
		{66E3CE14-884D-4AEA-9F20-15A0BEAF8C5A}.Release|x64.ActiveCfg = Release|x64
		{66E3CE14-884D-4AEA-9F20-15A0BEAF8C5A}.Release|x64.Build.0 = Release|x64
		{B2BCDAB8-B595-4C22-B01D-777588652204}.Debug|Win32.ActiveCfg = Debug|Win32
		{B2BCDAB8-B595-4C22-B01D-777588652204}.Debug|Win32.Build.0 = Debug|Win32
		{B2BCDAB8-B595-4C22-B01D-777588652204}.Debug|x64.ActiveCfg = Debug|x64
		{B2BCDAB8-B595-4C22-B01D-777588652204}.Debug|x64.Build.0 = Debug|x64
		{B2BCDAB8-B595-4C22-B01D-777588652204}.Release|Win32.ActiveCfg = Release|Win32
		{B2BCDAB8-B595-4C22-B01D-777588652204}.Release|Win32.Build.0 = Release|Win32
		{B2BCDAB8-B595-4C22-B01D-777588652204}.Release|x64.ActiveCfg = Release|x64
		{B2BCDAB8-B595-4C22-B01D-777588652204}.Release|x64.Build.0 = Release|x64
		{84C22CA2-9D1E-4B6D-A657-57E8264BCC40}.Debug|Win32.ActiveCfg = Debug|Win32
		{84C22CA2-9D1E-4B6D-A657-57E8264BCC40}.Debug|Win32.Build.0 = Debug|Win32
		{84C22CA2-9D1E-4B6D-A657-57E8264BCC40}.Debug|x64.ActiveCfg = Debug|x64
		{84C22CA2-9D1E-4B6D-A657-57E8264BCC40}.Debug|x64.Build.0 = Debug|x64
		{84C22CA2-9D1E-4B6D-A657-57E8264BCC40}.Release|Win32.ActiveCfg = Release|Win32
		{84C22CA2-9D1E-4B6D-A657-57E8264BCC40}.Release|Win32.Build.0 = Release|Win32
		{84C22CA2-9D1E-4B6D-A657-57E8264BCC40}.Release|x64.ActiveCfg = Release|x64
		{84C22CA2-9D1E-4B6D-A657-57E8264BCC40}.Release|x64.Build.0 = Release|x64
		{D75AD32B-6B82-49DF-96EB-26F0F896C6F2}.Debug|Win32.ActiveCfg = Debug|Win32
		{D75AD32B-6B82-49DF-96EB-26F0F896C6F2}.Debug|Win32.Build.0 = Debug|Win32
		{D75AD32B-6B82-49DF-96EB-26F0F896C6F2}.Debug|x64.ActiveCfg = Debug|x64
		{D75AD32B-6B82-49DF-96EB-26F0F896C6F2}.Debug|x64.Build.0 = Debug|x64
		{D75AD32B-6B82-49DF-96EB-26F0F896C6F2}.Release|Win32.ActiveCfg = Release|Win32
		{D75AD32B-6B82-49DF-96EB-26F0F896C6F2}.Release|Win32.Build.0 = Release|Win32
		{D75AD32B-6B82-49DF-96EB-26F0F896C6F2}.Release|x64.ActiveCfg = Release|x64
		{D75AD32B-6B82-49DF-96EB-26F0F896C6F2}.Release|x64.Build.0 = Release|x64
		{F4553D82-2F8F-44BB-81F6-0A4A05A273B2}.Debug|Win32.ActiveCfg = Debug|Win32
		{F4553D82-2F8F-44BB-81F6-0A4A05A273B2}.Debug|Win32.Build.0 = Debug|Win32
		{F4553D82-2F8F-44BB-81F6-0A4A05A273B2}.Debug|x64.ActiveCfg = Debug|x64
		{F4553D82-2F8F-44BB-81F6-0A4A05A273B2}.Debug|x64.Build.0 = Debug|x64
		{F4553D82-2F8F-44BB-81F6-0A4A05A273B2}.Release|Win32.ActiveCfg = Release|Win32
		{F4553D82-2F8F-44BB-81F6-0A4A05A273B2}.Release|Win32.Build.0 = Release|Win32
		{F4553D82-2F8F-44BB-81F6-0A4A05A273B2}.Release|x64.ActiveCfg = Release|x64
		{F4553D82-2F8F-44BB-81F6-0A4A05A273B2}.Release|x64.Build.0 = Release|x64
		{84AFB2F9-F743-4C7A-9292-D1DC9898A2F4}.Debug|Win32.ActiveCfg = Debug|Win32
		{84AFB2F9-F743-4C7A-9292-D1DC9898A2F4}.Debug|Win32.Build.0 = Debug|Win32
		{84AFB2F9-F743-4C7A-9292-D1DC9898A2F4}.Debug|x64.ActiveCfg = Debug|x64
		{84AFB2F9-F743-4C7A-9292-D1DC9898A2F4}.Debug|x64.Build.0 = Debug|x64
		{84AFB2F9-F743-4C7A-9292-D1DC9898A2F4}.Release|Win32.ActiveCfg = Release|Win32
		{84AFB2F9-F743-4C7A-9292-D1DC9898A2F4}.Release|Win32.Build.0 = Release|Win32
		{84AFB2F9-F743-4C7A-9292-D1DC9898A2F4}.Release|x64.ActiveCfg = Release|x64
		{84AFB2F9-F743-4C7A-9292-D1DC9898A2F4}.Release|x64.Build.0 = Release|x64
		{4BBCF330-6BA5-4EF2-82C6-CC1A08189BAC}.Debug|Win32.ActiveCfg = Debug|Win32
		{4BBCF330-6BA5-4EF2-82C6-CC1A08189BAC}.Debug|Win32.Build.0 = Debug|Win32
		{4BBCF330-6BA5-4EF2-82C6-CC1A08189BAC}.Debug|x64.ActiveCfg = Debug|x64
		{4BBCF330-6BA5-4EF2-82C6-CC1A08189BAC}.Debug|x64.Build.0 = Debug|x64
		{4BBCF330-6BA5-4EF2-82C6-CC1A08189BAC}.Release|Win32.ActiveCfg = Release|Win32
		{4BBCF330-6BA5-4EF2-82C6-CC1A08189BAC}.Release|Win32.Build.0 = Release|Win32
		{4BBCF330-6BA5-4EF2-82C6-CC1A08189BAC}.Release|x64.ActiveCfg = Release|x64
		{4BBCF330-6BA5-4EF2-82C6-CC1A08189BAC}.Release|x64.Build.0 = Release|x64
		{80CC31BF-EE7B-4F10-B7C8-980651A6F158}.Debug|Win32.ActiveCfg = Debug|Win32
		{80CC31BF-EE7B-4F10-B7C8-980651A6F158}.Debug|Win32.Build.0 = Debug|Win32
		{80CC31BF-EE7B-4F10-B7C8-980651A6F158}.Debug|x64.ActiveCfg = Debug|x64
		{80CC31BF-EE7B-4F10-B7C8-980651A6F158}.Debug|x64.Build.0 = Debug|x64
		{80CC31BF-EE7B-4F10-B7C8-980651A6F158}.Release|Win32.ActiveCfg = Release|Win32
		{80CC31BF-EE7B-4F10-B7C8-980651A6F158}.Release|Win32.Build.0 = Release|Win32
		{80CC31BF-EE7B-4F10-B7C8-980651A6F158}.Release|x64.ActiveCfg = Release|x64
		{80CC31BF-EE7B-4F10-B7C8-980651A6F158}.Release|x64.Build.0 = Release|x64
		{E97DB5FB-FDA1-4882-97A8-E20488237EC0}.Debug|Win32.ActiveCfg = Debug|Win32
		{E97DB5FB-FDA1-4882-97A8-E20488237EC0}.Debug|Win32.Build.0 = Debug|Win32
		{E97DB5FB-FDA1-4882-97A8-E20488237EC0}.Debug|x64.ActiveCfg = Debug|x64
		{E97DB5FB-FDA1-4882-97A8-E20488237EC0}.Debug|x64.Build.0 = Debug|x64
		{E97DB5FB-FDA1-4882-97A8-E20488237EC0}.Release|Win32.ActiveCfg = Release|Win32
		{E97DB5FB-FDA1-4882-97A8-E20488237EC0}.Release|Win32.Build.0 = Release|Win32
		{E97DB5FB-FDA1-4882-97A8-E20488237EC0}.Release|x64.ActiveCfg = Release|x64
		{E97DB5FB-FDA1-4882-97A8-E20488237EC0}.Release|x64.Build.0 = Release|x64
		{A336CDD1-DD9D-49FE-BB0C-9068F398DA5C}.Debug|Win32.ActiveCfg = Debug|Win32
		{A336CDD1-DD9D-49FE-BB0C-9068F398DA5C}.Debug|Win32.Build.0 = Debug|Win32
		{A336CDD1-DD9D-49FE-BB0C-9068F398DA5C}.Debug|x64.ActiveCfg = Debug|x64
		{A336CDD1-DD9D-49FE-BB0C-9068F398DA5C}.Debug|x64.Build.0 = Debug|x64
		{A336CDD1-DD9D-49FE-BB0C-9068F398DA5C}.Release|Win32.ActiveCfg = Release|Win32
		{A336CDD1-DD9D-49FE-BB0C-9068F398DA5C}.Release|Win32.Build.0 = Release|Win32
		{A336CDD1-DD9D-49FE-BB0C-9068F398DA5C}.Release|x64.ActiveCfg = Release|x64
		{A336CDD1-DD9D-49FE-BB0C-9068F398DA5C}.Release|x64.Build.0 = Release|x64
		{036F2B83-4E23-4DC3-AF76-EA53CBEED6B9}.Debug|Win32.ActiveCfg = Debug|Win32
		{036F2B83-4E23-4DC3-AF76-EA53CBEED6B9}.Debug|Win32.Build.0 = Debug|Win32
		{036F2B83-4E23-4DC3-AF76-EA53CBEED6B9}.Debug|x64.ActiveCfg = Debug|x64
		{036F2B83-4E23-4DC3-AF76-EA53CBEED6B9}.Debug|x64.Build.0 = Debug|x64
		{036F2B83-4E23-4DC3-AF76-EA53CBEED6B9}.Release|Win32.ActiveCfg = Release|Win32
		{036F2B83-4E23-4DC3-AF76-EA53CBEED6B9}.Release|Win32.Build.0 = Release|Win32
		{036F2B83-4E23-4DC3-AF76-EA53CBEED6B9}.Release|x64.ActiveCfg = Release|x64
		{036F2B83-4E23-4DC3-AF76-EA53CBEED6B9}.Release|x64.Build.0 = Release|x64
		{FD754FF2-7079-4D36-8BA4-E609CD2D4C83}.Debug|Win32.ActiveCfg = Debug|Win32
		{FD754FF2-7079-4D36-8BA4-E609CD2D4C83}.Debug|Win32.Build.0 = Debug|Win32
		{FD754FF2-7079-4D36-8BA4-E609CD2D4C83}.Debug|x64.ActiveCfg = Debug|x64
		{FD754FF2-7079-4D36-8BA4-E609CD2D4C83}.Debug|x64.Build.0 = Debug|x64
		{FD754FF2-7079-4D36-8BA4-E609CD2D4C83}.Release|Win32.ActiveCfg = Release|Win32
		{FD754FF2-7079-4D36-8BA4-E609CD2D4C83}.Release|Win32.Build.0 = Release|Win32
		{FD754FF2-7079-4D36-8BA4-E609CD2D4C83}.Release|x64.ActiveCfg = Release|x64
		{FD754FF2-7079-4D36-8BA4-E609CD2D4C83}.Release|x64.Build.0 = Release|x64
		{CF458C18-2EBC-454B-9230-BE9288838A5A}.Debug|Win32.ActiveCfg = Debug|Win32
		{CF458C18-2EBC-454B-9230-BE9288838A5A}.Debug|Win32.Build.0 = Debug|Win32
		{CF458C18-2EBC-454B-9230-BE9288838A5A}.Debug|x64.ActiveCfg = Debug|x64
		{CF458C18-2EBC-454B-9230-BE9288838A5A}.Debug|x64.Build.0 = Debug|x64
		{CF458C18-2EBC-454B-9230-BE9288838A5A}.Release|Win32.ActiveCfg = Release|Win32
		{CF458C18-2EBC-454B-9230-BE9288838A5A}.Release|Win32.Build.0 = Release|Win32
		{CF458C18-2EBC-454B-9230-BE9288838A5A}.Release|x64.ActiveCfg = Release|x64
		{CF458C18-2EBC-454B-9230-BE9288838A5A}.Release|x64.Build.0 = Release|x64
	EndGlobalSection
	GlobalSection(SolutionProperties) = preSolution
		HideSolutionNode = FALSE
	EndGlobalSection
	GlobalSection(NestedProjects) = preSolution
		{66E3CE14-884D-4AEA-9F20-15A0BEAF8C5A} = {0AD50E41-A219-4006-941B-CF9BA5EFF6FE}
		{B2BCDAB8-B595-4C22-B01D-777588652204} = {0AD50E41-A219-4006-941B-CF9BA5EFF6FE}
		{84C22CA2-9D1E-4B6D-A657-57E8264BCC40} = {0AD50E41-A219-4006-941B-CF9BA5EFF6FE}
		{D75AD32B-6B82-49DF-96EB-26F0F896C6F2} = {0AD50E41-A219-4006-941B-CF9BA5EFF6FE}
		{F4553D82-2F8F-44BB-81F6-0A4A05A273B2} = {0AD50E41-A219-4006-941B-CF9BA5EFF6FE}
		{4BBCF330-6BA5-4EF2-82C6-CC1A08189BAC} = {25C3C005-546A-4864-90C4-19057F80B388}
		{80CC31BF-EE7B-4F10-B7C8-980651A6F158} = {25C3C005-546A-4864-90C4-19057F80B388}
		{E97DB5FB-FDA1-4882-97A8-E20488237EC0} = {25C3C005-546A-4864-90C4-19057F80B388}
		{A336CDD1-DD9D-49FE-BB0C-9068F398DA5C} = {25C3C005-546A-4864-90C4-19057F80B388}
		{036F2B83-4E23-4DC3-AF76-EA53CBEED6B9} = {0AD50E41-A219-4006-941B-CF9BA5EFF6FE}
		{FD754FF2-7079-4D36-8BA4-E609CD2D4C83} = {0AD50E41-A219-4006-941B-CF9BA5EFF6FE}
		{CF458C18-2EBC-454B-9230-BE9288838A5A} = {0AD50E41-A219-4006-941B-CF9BA5EFF6FE}
	EndGlobalSection
	GlobalSection(ExtensibilityGlobals) = postSolution
		SolutionGuid = {208AF637-C9A0-4041-8ADE-0EB1A928BC6D}
	EndGlobalSection
EndGlobal
